// !$*UTF8*$!
{
	archiveVersion = 1;
	classes = {
	};
	objectVersion = 46;
	objects = {

/* Begin PBXBuildFile section */
		FE34A62F1C9B864100B23B0A /* LLAppDelegate.swift in Sources */ = {isa = PBXBuildFile; fileRef = FE34A62E1C9B864100B23B0A /* LLAppDelegate.swift */; };
		FE34A6311C9B864100B23B0A /* LLTextViewController.swift in Sources */ = {isa = PBXBuildFile; fileRef = FE34A6301C9B864100B23B0A /* LLTextViewController.swift */; };
		FE34A6341C9B864100B23B0A /* Main.storyboard in Resources */ = {isa = PBXBuildFile; fileRef = FE34A6321C9B864100B23B0A /* Main.storyboard */; };
		FE34A6361C9B864100B23B0A /* Assets.xcassets in Resources */ = {isa = PBXBuildFile; fileRef = FE34A6351C9B864100B23B0A /* Assets.xcassets */; };
		FE34A6391C9B864100B23B0A /* LaunchScreen.storyboard in Resources */ = {isa = PBXBuildFile; fileRef = FE34A6371C9B864100B23B0A /* LaunchScreen.storyboard */; };
		FE34A6411C9B904A00B23B0A /* LLTableViewController.swift in Sources */ = {isa = PBXBuildFile; fileRef = FE34A6401C9B904A00B23B0A /* LLTableViewController.swift */; };
		FE34A6431C9B97A800B23B0A /* LLSnippet.swift in Sources */ = {isa = PBXBuildFile; fileRef = FE34A6421C9B97A800B23B0A /* LLSnippet.swift */; };
		FE34A6451C9B990700B23B0A /* LLSnippets.swift in Sources */ = {isa = PBXBuildFile; fileRef = FE34A6441C9B990700B23B0A /* LLSnippets.swift */; };
/* End PBXBuildFile section */

/* Begin PBXFileReference section */
		FE34A62B1C9B864100B23B0A /* Snippets.app */ = {isa = PBXFileReference; explicitFileType = wrapper.application; includeInIndex = 0; path = Snippets.app; sourceTree = BUILT_PRODUCTS_DIR; };
		FE34A62E1C9B864100B23B0A /* LLAppDelegate.swift */ = {isa = PBXFileReference; lastKnownFileType = sourcecode.swift; path = LLAppDelegate.swift; sourceTree = "<group>"; };
		FE34A6301C9B864100B23B0A /* LLTextViewController.swift */ = {isa = PBXFileReference; lastKnownFileType = sourcecode.swift; path = LLTextViewController.swift; sourceTree = "<group>"; };
		FE34A6331C9B864100B23B0A /* Base */ = {isa = PBXFileReference; lastKnownFileType = file.storyboard; name = Base; path = Base.lproj/Main.storyboard; sourceTree = "<group>"; };
		FE34A6351C9B864100B23B0A /* Assets.xcassets */ = {isa = PBXFileReference; lastKnownFileType = folder.assetcatalog; path = Assets.xcassets; sourceTree = "<group>"; };
		FE34A6381C9B864100B23B0A /* Base */ = {isa = PBXFileReference; lastKnownFileType = file.storyboard; name = Base; path = Base.lproj/LaunchScreen.storyboard; sourceTree = "<group>"; };
		FE34A63A1C9B864100B23B0A /* Info.plist */ = {isa = PBXFileReference; lastKnownFileType = text.plist.xml; path = Info.plist; sourceTree = "<group>"; };
		FE34A6401C9B904A00B23B0A /* LLTableViewController.swift */ = {isa = PBXFileReference; fileEncoding = 4; lastKnownFileType = sourcecode.swift; path = LLTableViewController.swift; sourceTree = "<group>"; };
		FE34A6421C9B97A800B23B0A /* LLSnippet.swift */ = {isa = PBXFileReference; fileEncoding = 4; lastKnownFileType = sourcecode.swift; path = LLSnippet.swift; sourceTree = "<group>"; };
		FE34A6441C9B990700B23B0A /* LLSnippets.swift */ = {isa = PBXFileReference; fileEncoding = 4; lastKnownFileType = sourcecode.swift; path = LLSnippets.swift; sourceTree = "<group>"; };
/* End PBXFileReference section */

/* Begin PBXFrameworksBuildPhase section */
		FE34A6281C9B864100B23B0A /* Frameworks */ = {
			isa = PBXFrameworksBuildPhase;
			buildActionMask = 2147483647;
			files = (
			);
			runOnlyForDeploymentPostprocessing = 0;
		};
/* End PBXFrameworksBuildPhase section */

/* Begin PBXGroup section */
		FE34A6221C9B864100B23B0A = {
			isa = PBXGroup;
			children = (
				FE34A62D1C9B864100B23B0A /* LLSnippets */,
				FE34A62C1C9B864100B23B0A /* Products */,
			);
			sourceTree = "<group>";
		};
		FE34A62C1C9B864100B23B0A /* Products */ = {
			isa = PBXGroup;
			children = (
				FE34A62B1C9B864100B23B0A /* Snippets.app */,
			);
			name = Products;
			sourceTree = "<group>";
		};
		FE34A62D1C9B864100B23B0A /* LLSnippets */ = {
			isa = PBXGroup;
			children = (
				FE34A62E1C9B864100B23B0A /* LLAppDelegate.swift */,
				FE34A6401C9B904A00B23B0A /* LLTableViewController.swift */,
				FE34A6301C9B864100B23B0A /* LLTextViewController.swift */,
				FE34A6421C9B97A800B23B0A /* LLSnippet.swift */,
				FE34A6441C9B990700B23B0A /* LLSnippets.swift */,
				FE34A6321C9B864100B23B0A /* Main.storyboard */,
				FE34A6351C9B864100B23B0A /* Assets.xcassets */,
				FE34A6371C9B864100B23B0A /* LaunchScreen.storyboard */,
				FE34A63A1C9B864100B23B0A /* Info.plist */,
			);
			path = LLSnippets;
			sourceTree = "<group>";
		};
/* End PBXGroup section */

/* Begin PBXNativeTarget section */
		FE34A62A1C9B864100B23B0A /* LLSnippets */ = {
			isa = PBXNativeTarget;
			buildConfigurationList = FE34A63D1C9B864100B23B0A /* Build configuration list for PBXNativeTarget "LLSnippets" */;
			buildPhases = (
				FE34A6271C9B864100B23B0A /* Sources */,
				FE34A6281C9B864100B23B0A /* Frameworks */,
				FE34A6291C9B864100B23B0A /* Resources */,
			);
			buildRules = (
			);
			dependencies = (
			);
			name = LLSnippets;
			productName = LLSnippets;
			productReference = FE34A62B1C9B864100B23B0A /* Snippets.app */;
			productType = "com.apple.product-type.application";
		};
/* End PBXNativeTarget section */

/* Begin PBXProject section */
		FE34A6231C9B864100B23B0A /* Project object */ = {
			isa = PBXProject;
			attributes = {
				LastSwiftUpdateCheck = 0720;
				LastUpgradeCheck = 0720;
				ORGANIZATIONNAME = "Lauren Lee";
				TargetAttributes = {
					FE34A62A1C9B864100B23B0A = {
						CreatedOnToolsVersion = 7.2.1;
						DevelopmentTeam = 9L7P5F767N;
					};
				};
			};
			buildConfigurationList = FE34A6261C9B864100B23B0A /* Build configuration list for PBXProject "LLSnippets" */;
			compatibilityVersion = "Xcode 3.2";
			developmentRegion = English;
			hasScannedForEncodings = 0;
			knownRegions = (
				en,
				Base,
			);
			mainGroup = FE34A6221C9B864100B23B0A;
			productRefGroup = FE34A62C1C9B864100B23B0A /* Products */;
			projectDirPath = "";
			projectRoot = "";
			targets = (
				FE34A62A1C9B864100B23B0A /* LLSnippets */,
			);
		};
/* End PBXProject section */

/* Begin PBXResourcesBuildPhase section */
		FE34A6291C9B864100B23B0A /* Resources */ = {
			isa = PBXResourcesBuildPhase;
			buildActionMask = 2147483647;
			files = (
				FE34A6391C9B864100B23B0A /* LaunchScreen.storyboard in Resources */,
				FE34A6361C9B864100B23B0A /* Assets.xcassets in Resources */,
				FE34A6341C9B864100B23B0A /* Main.storyboard in Resources */,
			);
			runOnlyForDeploymentPostprocessing = 0;
		};
/* End PBXResourcesBuildPhase section */

/* Begin PBXSourcesBuildPhase section */
		FE34A6271C9B864100B23B0A /* Sources */ = {
			isa = PBXSourcesBuildPhase;
			buildActionMask = 2147483647;
			files = (
				FE34A6451C9B990700B23B0A /* LLSnippets.swift in Sources */,
				FE34A6411C9B904A00B23B0A /* LLTableViewController.swift in Sources */,
				FE34A6431C9B97A800B23B0A /* LLSnippet.swift in Sources */,
				FE34A6311C9B864100B23B0A /* LLTextViewController.swift in Sources */,
				FE34A62F1C9B864100B23B0A /* LLAppDelegate.swift in Sources */,
			);
			runOnlyForDeploymentPostprocessing = 0;
		};
/* End PBXSourcesBuildPhase section */

/* Begin PBXVariantGroup section */
		FE34A6321C9B864100B23B0A /* Main.storyboard */ = {
			isa = PBXVariantGroup;
			children = (
				FE34A6331C9B864100B23B0A /* Base */,
			);
			name = Main.storyboard;
			sourceTree = "<group>";
		};
		FE34A6371C9B864100B23B0A /* LaunchScreen.storyboard */ = {
			isa = PBXVariantGroup;
			children = (
				FE34A6381C9B864100B23B0A /* Base */,
			);
			name = LaunchScreen.storyboard;
			sourceTree = "<group>";
		};
/* End PBXVariantGroup section */

/* Begin XCBuildConfiguration section */
		FE34A63B1C9B864100B23B0A /* Debug */ = {
			isa = XCBuildConfiguration;
			buildSettings = {
				ALWAYS_SEARCH_USER_PATHS = NO;
				CLANG_CXX_LANGUAGE_STANDARD = "gnu++0x";
				CLANG_CXX_LIBRARY = "libc++";
				CLANG_ENABLE_MODULES = YES;
				CLANG_ENABLE_OBJC_ARC = YES;
				CLANG_WARN_BOOL_CONVERSION = YES;
				CLANG_WARN_CONSTANT_CONVERSION = YES;
				CLANG_WARN_DIRECT_OBJC_ISA_USAGE = YES_ERROR;
				CLANG_WARN_EMPTY_BODY = YES;
				CLANG_WARN_ENUM_CONVERSION = YES;
				CLANG_WARN_INT_CONVERSION = YES;
				CLANG_WARN_OBJC_ROOT_CLASS = YES_ERROR;
				CLANG_WARN_UNREACHABLE_CODE = YES;
				CLANG_WARN__DUPLICATE_METHOD_MATCH = YES;
				"CODE_SIGN_IDENTITY[sdk=iphoneos*]" = "iPhone Developer";
				COPY_PHASE_STRIP = NO;
				DEBUG_INFORMATION_FORMAT = dwarf;
				ENABLE_STRICT_OBJC_MSGSEND = YES;
				ENABLE_TESTABILITY = YES;
				GCC_C_LANGUAGE_STANDARD = gnu99;
				GCC_DYNAMIC_NO_PIC = NO;
				GCC_NO_COMMON_BLOCKS = YES;
				GCC_OPTIMIZATION_LEVEL = 0;
				GCC_PREPROCESSOR_DEFINITIONS = (
					"DEBUG=1",
					"$(inherited)",
				);
				GCC_WARN_64_TO_32_BIT_CONVERSION = YES;
				GCC_WARN_ABOUT_RETURN_TYPE = YES_ERROR;
				GCC_WARN_UNDECLARED_SELECTOR = YES;
				GCC_WARN_UNINITIALIZED_AUTOS = YES_AGGRESSIVE;
				GCC_WARN_UNUSED_FUNCTION = YES;
				GCC_WARN_UNUSED_VARIABLE = YES;
				IPHONEOS_DEPLOYMENT_TARGET = 9.2;
				MTL_ENABLE_DEBUG_INFO = YES;
				ONLY_ACTIVE_ARCH = YES;
				SDKROOT = iphoneos;
				SWIFT_OPTIMIZATION_LEVEL = "-Onone";
				TARGETED_DEVICE_FAMILY = "1,2";
			};
			name = Debug;
		};
		FE34A63C1C9B864100B23B0A /* Release */ = {
			isa = XCBuildConfiguration;
			buildSettings = {
				ALWAYS_SEARCH_USER_PATHS = NO;
				CLANG_CXX_LANGUAGE_STANDARD = "gnu++0x";
				CLANG_CXX_LIBRARY = "libc++";
				CLANG_ENABLE_MODULES = YES;
				CLANG_ENABLE_OBJC_ARC = YES;
				CLANG_WARN_BOOL_CONVERSION = YES;
				CLANG_WARN_CONSTANT_CONVERSION = YES;
				CLANG_WARN_DIRECT_OBJC_ISA_USAGE = YES_ERROR;
				CLANG_WARN_EMPTY_BODY = YES;
				CLANG_WARN_ENUM_CONVERSION = YES;
				CLANG_WARN_INT_CONVERSION = YES;
				CLANG_WARN_OBJC_ROOT_CLASS = YES_ERROR;
				CLANG_WARN_UNREACHABLE_CODE = YES;
				CLANG_WARN__DUPLICATE_METHOD_MATCH = YES;
				"CODE_SIGN_IDENTITY[sdk=iphoneos*]" = "iPhone Developer";
				COPY_PHASE_STRIP = NO;
				DEBUG_INFORMATION_FORMAT = "dwarf-with-dsym";
				ENABLE_NS_ASSERTIONS = NO;
				ENABLE_STRICT_OBJC_MSGSEND = YES;
				GCC_C_LANGUAGE_STANDARD = gnu99;
				GCC_NO_COMMON_BLOCKS = YES;
				GCC_WARN_64_TO_32_BIT_CONVERSION = YES;
				GCC_WARN_ABOUT_RETURN_TYPE = YES_ERROR;
				GCC_WARN_UNDECLARED_SELECTOR = YES;
				GCC_WARN_UNINITIALIZED_AUTOS = YES_AGGRESSIVE;
				GCC_WARN_UNUSED_FUNCTION = YES;
				GCC_WARN_UNUSED_VARIABLE = YES;
				IPHONEOS_DEPLOYMENT_TARGET = 9.2;
				MTL_ENABLE_DEBUG_INFO = NO;
				SDKROOT = iphoneos;
				TARGETED_DEVICE_FAMILY = "1,2";
				VALIDATE_PRODUCT = YES;
			};
			name = Release;
		};
		FE34A63E1C9B864100B23B0A /* Debug */ = {
			isa = XCBuildConfiguration;
			buildSettings = {
				ASSETCATALOG_COMPILER_APPICON_NAME = AppIcon;
				CODE_SIGN_IDENTITY = "iPhone Developer";
				"CODE_SIGN_IDENTITY[sdk=iphoneos*]" = "iPhone Developer";
				INFOPLIST_FILE = LLSnippets/Info.plist;
				LD_RUNPATH_SEARCH_PATHS = "$(inherited) @executable_path/Frameworks";
				PRODUCT_BUNDLE_IDENTIFIER = com.mulldrifting.LLSnippets;
				PRODUCT_NAME = Snippets;
				PROVISIONING_PROFILE = "";
			};
			name = Debug;
		};
		FE34A63F1C9B864100B23B0A /* Release */ = {
			isa = XCBuildConfiguration;
			buildSettings = {
				ASSETCATALOG_COMPILER_APPICON_NAME = AppIcon;
				CODE_SIGN_IDENTITY = "iPhone Developer";
				"CODE_SIGN_IDENTITY[sdk=iphoneos*]" = "iPhone Developer";
				INFOPLIST_FILE = LLSnippets/Info.plist;
				LD_RUNPATH_SEARCH_PATHS = "$(inherited) @executable_path/Frameworks";
				PRODUCT_BUNDLE_IDENTIFIER = com.mulldrifting.LLSnippets;
				PRODUCT_NAME = Snippets;
				PROVISIONING_PROFILE = "";
			};
			name = Release;
		};
/* End XCBuildConfiguration section */

/* Begin XCConfigurationList section */
		FE34A6261C9B864100B23B0A /* Build configuration list for PBXProject "LLSnippets" */ = {
			isa = XCConfigurationList;
			buildConfigurations = (
				FE34A63B1C9B864100B23B0A /* Debug */,
				FE34A63C1C9B864100B23B0A /* Release */,
			);
			defaultConfigurationIsVisible = 0;
			defaultConfigurationName = Release;
		};
		FE34A63D1C9B864100B23B0A /* Build configuration list for PBXNativeTarget "LLSnippets" */ = {
			isa = XCConfigurationList;
			buildConfigurations = (
				FE34A63E1C9B864100B23B0A /* Debug */,
				FE34A63F1C9B864100B23B0A /* Release */,
			);
			defaultConfigurationIsVisible = 0;
		};
/* End XCConfigurationList section */
	};
	rootObject = FE34A6231C9B864100B23B0A /* Project object */;
}
